
Microsoft Visual Studio Solution File, Format Version 12.00
Project("{FAE04EC0-301F-11D3-BF4B-00C04F79EFBC}") = "уп6", "уп6\уп6.csproj", "{34AABBDC-BB46-48AF-87AB-F058C81F27A8}"
EndProject
Global
	GlobalSection(SolutionConfigurationPlatforms) = preSolution
		Debug|Any CPU = Debug|Any CPU
		Release|Any CPU = Release|Any CPU
	EndGlobalSection
	GlobalSection(ProjectConfigurationPlatforms) = postSolution
		{34AABBDC-BB46-48AF-87AB-F058C81F27A8}.Debug|Any CPU.ActiveCfg = Debug|Any CPU
		{34AABBDC-BB46-48AF-87AB-F058C81F27A8}.Debug|Any CPU.Build.0 = Debug|Any CPU
		{34AABBDC-BB46-48AF-87AB-F058C81F27A8}.Release|Any CPU.ActiveCfg = Release|Any CPU
		{34AABBDC-BB46-48AF-87AB-F058C81F27A8}.Release|Any CPU.Build.0 = Release|Any CPU
	EndGlobalSection
EndGlobal
