
Microsoft Visual Studio Solution File, Format Version 12.00
Project("{FAE04EC0-301F-11D3-BF4B-00C04F79EFBC}") = "задание2", "задание2\задание2.csproj", "{7F775CC9-48ED-4C85-A378-B5B8D09AEF29}"
EndProject
Global
	GlobalSection(SolutionConfigurationPlatforms) = preSolution
		Debug|Any CPU = Debug|Any CPU
		Release|Any CPU = Release|Any CPU
	EndGlobalSection
	GlobalSection(ProjectConfigurationPlatforms) = postSolution
		{7F775CC9-48ED-4C85-A378-B5B8D09AEF29}.Debug|Any CPU.ActiveCfg = Debug|Any CPU
		{7F775CC9-48ED-4C85-A378-B5B8D09AEF29}.Debug|Any CPU.Build.0 = Debug|Any CPU
		{7F775CC9-48ED-4C85-A378-B5B8D09AEF29}.Release|Any CPU.ActiveCfg = Release|Any CPU
		{7F775CC9-48ED-4C85-A378-B5B8D09AEF29}.Release|Any CPU.Build.0 = Release|Any CPU
	EndGlobalSection
EndGlobal
